{
  "nodes": {
    "expat-master": {
      "inputs": {
        "flakeNimbleLib": [
          "flakeNimbleLib"
        ],
        "nixpkgs": [
          "nixpkgs"
        ],
        "src-expat-master": "src-expat-master"
      },
      "locked": {
        "dir": "master",
        "lastModified": 1662254455,
        "narHash": "sha256-6nGTzadrqLjjDM2AbBsqseUWJFON9Gw8DC2RDH7daxo=",
        "owner": "nim-nix-pkgs",
        "repo": "expat",
        "rev": "6308edc85a540d39183316f9abe362611045b4ae",
        "type": "github"
      },
      "original": {
        "dir": "master",
        "owner": "nim-nix-pkgs",
        "ref": "master",
        "repo": "expat",
        "type": "github"
      }
    },
    "flakeNimbleLib": {
      "inputs": {
        "nixpkgs": [
          "nixpkgs"
        ]
      },
      "locked": {
        "lastModified": 1662018438,
        "narHash": "sha256-QtNtU6+LX3Wokxf0zlFwKTFOcn6TeDjKQZ+DA9OYtvM=",
        "owner": "riinr",
        "repo": "nim-flakes-lib",
        "rev": "b1fe8340736e3a85d25c709ac3dfd82a55c03cbf",
        "type": "github"
      },
      "original": {
        "owner": "riinr",
        "ref": "master",
        "repo": "nim-flakes-lib",
        "type": "github"
      }
    },
    "nixpkgs": {
      "locked": {
        "lastModified": 1667110639,
        "narHash": "sha256-4FbPESZ5LbqQxkJJJBAfk/zKgF9h/4kyUwjjpJwYlbc=",
        "owner": "NixOS",
        "repo": "nixpkgs",
        "rev": "f38a1f04d1bec1feb61fd101a0539ae2002a7087",
        "type": "github"
      },
      "original": {
        "id": "nixpkgs",
        "type": "indirect"
      }
    },
    "root": {
      "inputs": {
        "expat-master": "expat-master",
        "flakeNimbleLib": "flakeNimbleLib",
        "nixpkgs": "nixpkgs"
      }
    },
    "src-expat-master": {
      "flake": false,
      "locked": {
        "lastModified": 1439852935,
        "narHash": "sha256-VhAedTqzJiUdupuCbFweo8moHVW/t16sPyuUu7YywoE=",
        "owner": "nim-lang",
        "repo": "expat",
        "rev": "7b6484ce185e40ad3f976feb6d00df2be41034fd",
        "type": "github"
      },
      "original": {
        "owner": "nim-lang",
        "ref": "refs/heads/master",
        "repo": "expat",
        "type": "github"
      }
    }
  },
  "root": "root",
  "version": 7
}
